
Microsoft Visual Studio Solution File, Format Version 12.00
# Visual Studio 15
VisualStudioVersion = 15.0.27130.2027
MinimumVisualStudioVersion = 10.0.40219.1
Project("{9A19103F-16F7-4668-BE54-9A1E7A4F7556}") = "SensorData", "SensorData\SensorData.csproj", "{CECA32C0-F9AC-4784-9891-38C26A8CBB7F}"
EndProject
Global
	GlobalSection(SolutionConfigurationPlatforms) = preSolution
		Ad-Hoc|Any CPU = Ad-Hoc|Any CPU
		Ad-Hoc|ARM = Ad-Hoc|ARM
		Ad-Hoc|iPhone = Ad-Hoc|iPhone
		Ad-Hoc|iPhoneSimulator = Ad-Hoc|iPhoneSimulator
		Ad-Hoc|x64 = Ad-Hoc|x64
		Ad-Hoc|x86 = Ad-Hoc|x86
		AppStore|Any CPU = AppStore|Any CPU
		AppStore|ARM = AppStore|ARM
		AppStore|iPhone = AppStore|iPhone
		AppStore|iPhoneSimulator = AppStore|iPhoneSimulator
		AppStore|x64 = AppStore|x64
		AppStore|x86 = AppStore|x86
		Debug|Any CPU = Debug|Any CPU
		Debug|ARM = Debug|ARM
		Debug|iPhone = Debug|iPhone
		Debug|iPhoneSimulator = Debug|iPhoneSimulator
		Debug|x64 = Debug|x64
		Debug|x86 = Debug|x86
		Release|Any CPU = Release|Any CPU
		Release|ARM = Release|ARM
		Release|iPhone = Release|iPhone
		Release|iPhoneSimulator = Release|iPhoneSimulator
		Release|x64 = Release|x64
		Release|x86 = Release|x86
	EndGlobalSection
	GlobalSection(ProjectConfigurationPlatforms) = postSolution
		{CECA32C0-F9AC-4784-9891-38C26A8CBB7F}.Ad-Hoc|Any CPU.ActiveCfg = Release|Any CPU
		{CECA32C0-F9AC-4784-9891-38C26A8CBB7F}.Ad-Hoc|Any CPU.Build.0 = Release|Any CPU
		{CECA32C0-F9AC-4784-9891-38C26A8CBB7F}.Ad-Hoc|ARM.ActiveCfg = Release|Any CPU
		{CECA32C0-F9AC-4784-9891-38C26A8CBB7F}.Ad-Hoc|ARM.Build.0 = Release|Any CPU
		{CECA32C0-F9AC-4784-9891-38C26A8CBB7F}.Ad-Hoc|iPhone.ActiveCfg = Release|Any CPU
		{CECA32C0-F9AC-4784-9891-38C26A8CBB7F}.Ad-Hoc|iPhone.Build.0 = Release|Any CPU
		{CECA32C0-F9AC-4784-9891-38C26A8CBB7F}.Ad-Hoc|iPhoneSimulator.ActiveCfg = Release|Any CPU
		{CECA32C0-F9AC-4784-9891-38C26A8CBB7F}.Ad-Hoc|iPhoneSimulator.Build.0 = Release|Any CPU
		{CECA32C0-F9AC-4784-9891-38C26A8CBB7F}.Ad-Hoc|x64.ActiveCfg = Release|Any CPU
		{CECA32C0-F9AC-4784-9891-38C26A8CBB7F}.Ad-Hoc|x64.Build.0 = Release|Any CPU
		{CECA32C0-F9AC-4784-9891-38C26A8CBB7F}.Ad-Hoc|x86.ActiveCfg = Release|Any CPU
		{CECA32C0-F9AC-4784-9891-38C26A8CBB7F}.Ad-Hoc|x86.Build.0 = Release|Any CPU
		{CECA32C0-F9AC-4784-9891-38C26A8CBB7F}.AppStore|Any CPU.ActiveCfg = Release|Any CPU
		{CECA32C0-F9AC-4784-9891-38C26A8CBB7F}.AppStore|Any CPU.Build.0 = Release|Any CPU
		{CECA32C0-F9AC-4784-9891-38C26A8CBB7F}.AppStore|ARM.ActiveCfg = Release|Any CPU
		{CECA32C0-F9AC-4784-9891-38C26A8CBB7F}.AppStore|ARM.Build.0 = Release|Any CPU
		{CECA32C0-F9AC-4784-9891-38C26A8CBB7F}.AppStore|iPhone.ActiveCfg = Release|Any CPU
		{CECA32C0-F9AC-4784-9891-38C26A8CBB7F}.AppStore|iPhone.Build.0 = Release|Any CPU
		{CECA32C0-F9AC-4784-9891-38C26A8CBB7F}.AppStore|iPhoneSimulator.ActiveCfg = Release|Any CPU
		{CECA32C0-F9AC-4784-9891-38C26A8CBB7F}.AppStore|iPhoneSimulator.Build.0 = Release|Any CPU
		{CECA32C0-F9AC-4784-9891-38C26A8CBB7F}.AppStore|x64.ActiveCfg = Release|Any CPU
		{CECA32C0-F9AC-4784-9891-38C26A8CBB7F}.AppStore|x64.Build.0 = Release|Any CPU
		{CECA32C0-F9AC-4784-9891-38C26A8CBB7F}.AppStore|x86.ActiveCfg = Release|Any CPU
		{CECA32C0-F9AC-4784-9891-38C26A8CBB7F}.AppStore|x86.Build.0 = Release|Any CPU
		{CECA32C0-F9AC-4784-9891-38C26A8CBB7F}.Debug|Any CPU.ActiveCfg = Debug|Any CPU
		{CECA32C0-F9AC-4784-9891-38C26A8CBB7F}.Debug|Any CPU.Build.0 = Debug|Any CPU
		{CECA32C0-F9AC-4784-9891-38C26A8CBB7F}.Debug|ARM.ActiveCfg = Debug|Any CPU
		{CECA32C0-F9AC-4784-9891-38C26A8CBB7F}.Debug|ARM.Build.0 = Debug|Any CPU
		{CECA32C0-F9AC-4784-9891-38C26A8CBB7F}.Debug|iPhone.ActiveCfg = Debug|Any CPU
		{CECA32C0-F9AC-4784-9891-38C26A8CBB7F}.Debug|iPhone.Build.0 = Debug|Any CPU
		{CECA32C0-F9AC-4784-9891-38C26A8CBB7F}.Debug|iPhoneSimulator.ActiveCfg = Debug|Any CPU
		{CECA32C0-F9AC-4784-9891-38C26A8CBB7F}.Debug|iPhoneSimulator.Build.0 = Debug|Any CPU
		{CECA32C0-F9AC-4784-9891-38C26A8CBB7F}.Debug|x64.ActiveCfg = Debug|Any CPU
		{CECA32C0-F9AC-4784-9891-38C26A8CBB7F}.Debug|x64.Build.0 = Debug|Any CPU
		{CECA32C0-F9AC-4784-9891-38C26A8CBB7F}.Debug|x86.ActiveCfg = Debug|Any CPU
		{CECA32C0-F9AC-4784-9891-38C26A8CBB7F}.Debug|x86.Build.0 = Debug|Any CPU
		{CECA32C0-F9AC-4784-9891-38C26A8CBB7F}.Release|Any CPU.ActiveCfg = Release|Any CPU
		{CECA32C0-F9AC-4784-9891-38C26A8CBB7F}.Release|Any CPU.Build.0 = Release|Any CPU
		{CECA32C0-F9AC-4784-9891-38C26A8CBB7F}.Release|ARM.ActiveCfg = Release|Any CPU
		{CECA32C0-F9AC-4784-9891-38C26A8CBB7F}.Release|ARM.Build.0 = Release|Any CPU
		{CECA32C0-F9AC-4784-9891-38C26A8CBB7F}.Release|iPhone.ActiveCfg = Release|Any CPU
		{CECA32C0-F9AC-4784-9891-38C26A8CBB7F}.Release|iPhone.Build.0 = Release|Any CPU
		{CECA32C0-F9AC-4784-9891-38C26A8CBB7F}.Release|iPhoneSimulator.ActiveCfg = Release|Any CPU
		{CECA32C0-F9AC-4784-9891-38C26A8CBB7F}.Release|iPhoneSimulator.Build.0 = Release|Any CPU
		{CECA32C0-F9AC-4784-9891-38C26A8CBB7F}.Release|x64.ActiveCfg = Release|Any CPU
		{CECA32C0-F9AC-4784-9891-38C26A8CBB7F}.Release|x64.Build.0 = Release|Any CPU
		{CECA32C0-F9AC-4784-9891-38C26A8CBB7F}.Release|x86.ActiveCfg = Release|Any CPU
		{CECA32C0-F9AC-4784-9891-38C26A8CBB7F}.Release|x86.Build.0 = Release|Any CPU
	EndGlobalSection
	GlobalSection(SolutionProperties) = preSolution
		HideSolutionNode = FALSE
	EndGlobalSection
	GlobalSection(ExtensibilityGlobals) = postSolution
		SolutionGuid = {E4D7D1A6-CC78-4C1B-9935-5A590D36E8ED}
	EndGlobalSection
EndGlobal
